
Microsoft Visual Studio Solution File, Format Version 12.00
# Visual Studio Version 16
VisualStudioVersion = 16.0.30104.148
MinimumVisualStudioVersion = 10.0.40219.1
Project("{FAE04EC0-301F-11D3-BF4B-00C04F79EFBC}") = "TestLibrary1", "TestLibrary1\TestLibrary1.csproj", "{AE251291-C306-4C63-9EE4-52DBCA3979D5}"
EndProject
Global
	GlobalSection(SolutionConfigurationPlatforms) = preSolution
		Debug|Any CPU = Debug|Any CPU
		Release|Any CPU = Release|Any CPU
	EndGlobalSection
	GlobalSection(ProjectConfigurationPlatforms) = postSolution
		{AE251291-C306-4C63-9EE4-52DBCA3979D5}.Debug|Any CPU.ActiveCfg = Debug|Any CPU
		{AE251291-C306-4C63-9EE4-52DBCA3979D5}.Debug|Any CPU.Build.0 = Debug|Any CPU
		{AE251291-C306-4C63-9EE4-52DBCA3979D5}.Release|Any CPU.ActiveCfg = Release|Any CPU
		{AE251291-C306-4C63-9EE4-52DBCA3979D5}.Release|Any CPU.Build.0 = Release|Any CPU
	EndGlobalSection
	GlobalSection(SolutionProperties) = preSolution
		HideSolutionNode = FALSE
	EndGlobalSection
	GlobalSection(ExtensibilityGlobals) = postSolution
		SolutionGuid = {F01A16B7-C755-4943-90CC-43047A739487}
	EndGlobalSection
EndGlobal
